// !$*UTF8*$!
{
	archiveVersion = 1;
	classes = {
	};
	objectVersion = 46;
	objects = {

/* Begin PBXBuildFile section */
		119C328DE9842DCC5BA6D4EA /* Pods_Snapchat.framework in Frameworks */ = {isa = PBXBuildFile; fileRef = 20B718C13A219CC9FCF6E4C6 /* Pods_Snapchat.framework */; };
		F3C45A651F015BBA00DDF13D /* AppDelegate.swift in Sources */ = {isa = PBXBuildFile; fileRef = F3C45A641F015BBA00DDF13D /* AppDelegate.swift */; };
		F3C45A671F015BBA00DDF13D /* SignInViewController.swift in Sources */ = {isa = PBXBuildFile; fileRef = F3C45A661F015BBA00DDF13D /* SignInViewController.swift */; };
		F3C45A6A1F015BBA00DDF13D /* Main.storyboard in Resources */ = {isa = PBXBuildFile; fileRef = F3C45A681F015BBA00DDF13D /* Main.storyboard */; };
		F3C45A6C1F015BBA00DDF13D /* Assets.xcassets in Resources */ = {isa = PBXBuildFile; fileRef = F3C45A6B1F015BBA00DDF13D /* Assets.xcassets */; };
		F3C45A6F1F015BBA00DDF13D /* LaunchScreen.storyboard in Resources */ = {isa = PBXBuildFile; fileRef = F3C45A6D1F015BBA00DDF13D /* LaunchScreen.storyboard */; };
		F3C45A771F015E9F00DDF13D /* GoogleService-Info.plist in Resources */ = {isa = PBXBuildFile; fileRef = F3C45A761F015E9F00DDF13D /* GoogleService-Info.plist */; };
		F3C45A791F01D4D000DDF13D /* SnapsViewController.swift in Sources */ = {isa = PBXBuildFile; fileRef = F3C45A781F01D4D000DDF13D /* SnapsViewController.swift */; };
		F3C45A7B1F01D8E800DDF13D /* PictureViewController.swift in Sources */ = {isa = PBXBuildFile; fileRef = F3C45A7A1F01D8E800DDF13D /* PictureViewController.swift */; };
		F3C45A7D1F02B2C500DDF13D /* SelectUserViewController.swift in Sources */ = {isa = PBXBuildFile; fileRef = F3C45A7C1F02B2C500DDF13D /* SelectUserViewController.swift */; };
		F3C45A7F1F03269100DDF13D /* User.swift in Sources */ = {isa = PBXBuildFile; fileRef = F3C45A7E1F03269100DDF13D /* User.swift */; };
		F3C45A831F04003500DDF13D /* Snap.swift in Sources */ = {isa = PBXBuildFile; fileRef = F3C45A821F04003500DDF13D /* Snap.swift */; };
		F3C45A851F0403D300DDF13D /* ViewSnapViewController.swift in Sources */ = {isa = PBXBuildFile; fileRef = F3C45A841F0403D300DDF13D /* ViewSnapViewController.swift */; };
/* End PBXBuildFile section */

/* Begin PBXFileReference section */
		20B718C13A219CC9FCF6E4C6 /* Pods_Snapchat.framework */ = {isa = PBXFileReference; explicitFileType = wrapper.framework; includeInIndex = 0; path = Pods_Snapchat.framework; sourceTree = BUILT_PRODUCTS_DIR; };
		9C8A2F1A473046DE7055B899 /* Pods-Snapchat.release.xcconfig */ = {isa = PBXFileReference; includeInIndex = 1; lastKnownFileType = text.xcconfig; name = "Pods-Snapchat.release.xcconfig"; path = "Pods/Target Support Files/Pods-Snapchat/Pods-Snapchat.release.xcconfig"; sourceTree = "<group>"; };
		A672978BDC0C15D5EEFC8620 /* Pods-Snapchat.debug.xcconfig */ = {isa = PBXFileReference; includeInIndex = 1; lastKnownFileType = text.xcconfig; name = "Pods-Snapchat.debug.xcconfig"; path = "Pods/Target Support Files/Pods-Snapchat/Pods-Snapchat.debug.xcconfig"; sourceTree = "<group>"; };
		F3C45A611F015BBA00DDF13D /* Snapchat.app */ = {isa = PBXFileReference; explicitFileType = wrapper.application; includeInIndex = 0; path = Snapchat.app; sourceTree = BUILT_PRODUCTS_DIR; };
		F3C45A641F015BBA00DDF13D /* AppDelegate.swift */ = {isa = PBXFileReference; lastKnownFileType = sourcecode.swift; path = AppDelegate.swift; sourceTree = "<group>"; };
		F3C45A661F015BBA00DDF13D /* SignInViewController.swift */ = {isa = PBXFileReference; lastKnownFileType = sourcecode.swift; path = SignInViewController.swift; sourceTree = "<group>"; };
		F3C45A691F015BBA00DDF13D /* Base */ = {isa = PBXFileReference; lastKnownFileType = file.storyboard; name = Base; path = Base.lproj/Main.storyboard; sourceTree = "<group>"; };
		F3C45A6B1F015BBA00DDF13D /* Assets.xcassets */ = {isa = PBXFileReference; lastKnownFileType = folder.assetcatalog; path = Assets.xcassets; sourceTree = "<group>"; };
		F3C45A6E1F015BBA00DDF13D /* Base */ = {isa = PBXFileReference; lastKnownFileType = file.storyboard; name = Base; path = Base.lproj/LaunchScreen.storyboard; sourceTree = "<group>"; };
		F3C45A701F015BBA00DDF13D /* Info.plist */ = {isa = PBXFileReference; lastKnownFileType = text.plist.xml; path = Info.plist; sourceTree = "<group>"; };
		F3C45A761F015E9F00DDF13D /* GoogleService-Info.plist */ = {isa = PBXFileReference; fileEncoding = 4; lastKnownFileType = text.plist.xml; path = "GoogleService-Info.plist"; sourceTree = "<group>"; };
		F3C45A781F01D4D000DDF13D /* SnapsViewController.swift */ = {isa = PBXFileReference; fileEncoding = 4; lastKnownFileType = sourcecode.swift; path = SnapsViewController.swift; sourceTree = "<group>"; };
		F3C45A7A1F01D8E800DDF13D /* PictureViewController.swift */ = {isa = PBXFileReference; fileEncoding = 4; lastKnownFileType = sourcecode.swift; path = PictureViewController.swift; sourceTree = "<group>"; };
		F3C45A7C1F02B2C500DDF13D /* SelectUserViewController.swift */ = {isa = PBXFileReference; fileEncoding = 4; lastKnownFileType = sourcecode.swift; path = SelectUserViewController.swift; sourceTree = "<group>"; };
		F3C45A7E1F03269100DDF13D /* User.swift */ = {isa = PBXFileReference; fileEncoding = 4; lastKnownFileType = sourcecode.swift; path = User.swift; sourceTree = "<group>"; };
		F3C45A821F04003500DDF13D /* Snap.swift */ = {isa = PBXFileReference; fileEncoding = 4; lastKnownFileType = sourcecode.swift; path = Snap.swift; sourceTree = "<group>"; };
		F3C45A841F0403D300DDF13D /* ViewSnapViewController.swift */ = {isa = PBXFileReference; fileEncoding = 4; lastKnownFileType = sourcecode.swift; path = ViewSnapViewController.swift; sourceTree = "<group>"; };
/* End PBXFileReference section */

/* Begin PBXFrameworksBuildPhase section */
		F3C45A5E1F015BB900DDF13D /* Frameworks */ = {
			isa = PBXFrameworksBuildPhase;
			buildActionMask = 2147483647;
			files = (
				119C328DE9842DCC5BA6D4EA /* Pods_Snapchat.framework in Frameworks */,
			);
			runOnlyForDeploymentPostprocessing = 0;
		};
/* End PBXFrameworksBuildPhase section */

/* Begin PBXGroup section */
		04E21BEEB8125DFB35EC2058 /* Frameworks */ = {
			isa = PBXGroup;
			children = (
				20B718C13A219CC9FCF6E4C6 /* Pods_Snapchat.framework */,
			);
			name = Frameworks;
			sourceTree = "<group>";
		};
		A1E83EE795C65DC5645F8CE5 /* Pods */ = {
			isa = PBXGroup;
			children = (
				A672978BDC0C15D5EEFC8620 /* Pods-Snapchat.debug.xcconfig */,
				9C8A2F1A473046DE7055B899 /* Pods-Snapchat.release.xcconfig */,
			);
			name = Pods;
			sourceTree = "<group>";
		};
		F3C45A581F015BB900DDF13D = {
			isa = PBXGroup;
			children = (
				F3C45A631F015BBA00DDF13D /* Snapchat */,
				F3C45A621F015BBA00DDF13D /* Products */,
				A1E83EE795C65DC5645F8CE5 /* Pods */,
				04E21BEEB8125DFB35EC2058 /* Frameworks */,
			);
			sourceTree = "<group>";
		};
		F3C45A621F015BBA00DDF13D /* Products */ = {
			isa = PBXGroup;
			children = (
				F3C45A611F015BBA00DDF13D /* Snapchat.app */,
			);
			name = Products;
			sourceTree = "<group>";
		};
		F3C45A631F015BBA00DDF13D /* Snapchat */ = {
			isa = PBXGroup;
			children = (
				F3C45A801F0326BB00DDF13D /* ViewControllers */,
				F3C45A811F0326EA00DDF13D /* Models */,
				F3C45A681F015BBA00DDF13D /* Main.storyboard */,
				F3C45A641F015BBA00DDF13D /* AppDelegate.swift */,
				F3C45A6B1F015BBA00DDF13D /* Assets.xcassets */,
				F3C45A6D1F015BBA00DDF13D /* LaunchScreen.storyboard */,
				F3C45A701F015BBA00DDF13D /* Info.plist */,
				F3C45A761F015E9F00DDF13D /* GoogleService-Info.plist */,
			);
			path = Snapchat;
			sourceTree = "<group>";
		};
		F3C45A801F0326BB00DDF13D /* ViewControllers */ = {
			isa = PBXGroup;
			children = (
				F3C45A661F015BBA00DDF13D /* SignInViewController.swift */,
				F3C45A781F01D4D000DDF13D /* SnapsViewController.swift */,
				F3C45A7A1F01D8E800DDF13D /* PictureViewController.swift */,
				F3C45A7C1F02B2C500DDF13D /* SelectUserViewController.swift */,
				F3C45A841F0403D300DDF13D /* ViewSnapViewController.swift */,
			);
			name = ViewControllers;
			sourceTree = "<group>";
		};
		F3C45A811F0326EA00DDF13D /* Models */ = {
			isa = PBXGroup;
			children = (
				F3C45A7E1F03269100DDF13D /* User.swift */,
				F3C45A821F04003500DDF13D /* Snap.swift */,
			);
			name = Models;
			sourceTree = "<group>";
		};
/* End PBXGroup section */

/* Begin PBXNativeTarget section */
		F3C45A601F015BB900DDF13D /* Snapchat */ = {
			isa = PBXNativeTarget;
			buildConfigurationList = F3C45A731F015BBA00DDF13D /* Build configuration list for PBXNativeTarget "Snapchat" */;
			buildPhases = (
				2728FE347FCF692B8ABDEDD4 /* [CP] Check Pods Manifest.lock */,
				F3C45A5D1F015BB900DDF13D /* Sources */,
				F3C45A5E1F015BB900DDF13D /* Frameworks */,
				F3C45A5F1F015BB900DDF13D /* Resources */,
				AB469171BB759E384A42944E /* [CP] Embed Pods Frameworks */,
				C9E4B1984993FCE6E910E107 /* [CP] Copy Pods Resources */,
			);
			buildRules = (
			);
			dependencies = (
			);
			name = Snapchat;
			productName = Snapchat;
			productReference = F3C45A611F015BBA00DDF13D /* Snapchat.app */;
			productType = "com.apple.product-type.application";
		};
/* End PBXNativeTarget section */

/* Begin PBXProject section */
		F3C45A591F015BB900DDF13D /* Project object */ = {
			isa = PBXProject;
			attributes = {
				LastSwiftUpdateCheck = 0820;
				LastUpgradeCheck = 0820;
				ORGANIZATIONNAME = "Taylor Redding";
				TargetAttributes = {
					F3C45A601F015BB900DDF13D = {
						CreatedOnToolsVersion = 8.2.1;
						DevelopmentTeam = 3BP2VFF2LW;
						ProvisioningStyle = Automatic;
					};
				};
			};
			buildConfigurationList = F3C45A5C1F015BB900DDF13D /* Build configuration list for PBXProject "Snapchat" */;
			compatibilityVersion = "Xcode 3.2";
			developmentRegion = English;
			hasScannedForEncodings = 0;
			knownRegions = (
				en,
				Base,
			);
			mainGroup = F3C45A581F015BB900DDF13D;
			productRefGroup = F3C45A621F015BBA00DDF13D /* Products */;
			projectDirPath = "";
			projectRoot = "";
			targets = (
				F3C45A601F015BB900DDF13D /* Snapchat */,
			);
		};
/* End PBXProject section */

/* Begin PBXResourcesBuildPhase section */
		F3C45A5F1F015BB900DDF13D /* Resources */ = {
			isa = PBXResourcesBuildPhase;
			buildActionMask = 2147483647;
			files = (
				F3C45A6F1F015BBA00DDF13D /* LaunchScreen.storyboard in Resources */,
				F3C45A771F015E9F00DDF13D /* GoogleService-Info.plist in Resources */,
				F3C45A6C1F015BBA00DDF13D /* Assets.xcassets in Resources */,
				F3C45A6A1F015BBA00DDF13D /* Main.storyboard in Resources */,
			);
			runOnlyForDeploymentPostprocessing = 0;
		};
/* End PBXResourcesBuildPhase section */

/* Begin PBXShellScriptBuildPhase section */
		2728FE347FCF692B8ABDEDD4 /* [CP] Check Pods Manifest.lock */ = {
			isa = PBXShellScriptBuildPhase;
			buildActionMask = 2147483647;
			files = (
			);
			inputPaths = (
			);
			name = "[CP] Check Pods Manifest.lock";
			outputPaths = (
			);
			runOnlyForDeploymentPostprocessing = 0;
			shellPath = /bin/sh;
			shellScript = "diff \"${PODS_PODFILE_DIR_PATH}/Podfile.lock\" \"${PODS_ROOT}/Manifest.lock\" > /dev/null\nif [ $? != 0 ] ; then\n    # print error to STDERR\n    echo \"error: The sandbox is not in sync with the Podfile.lock. Run 'pod install' or update your CocoaPods installation.\" >&2\n    exit 1\nfi\n";
			showEnvVarsInLog = 0;
		};
		AB469171BB759E384A42944E /* [CP] Embed Pods Frameworks */ = {
			isa = PBXShellScriptBuildPhase;
			buildActionMask = 2147483647;
			files = (
			);
			inputPaths = (
			);
			name = "[CP] Embed Pods Frameworks";
			outputPaths = (
			);
			runOnlyForDeploymentPostprocessing = 0;
			shellPath = /bin/sh;
			shellScript = "\"${SRCROOT}/Pods/Target Support Files/Pods-Snapchat/Pods-Snapchat-frameworks.sh\"\n";
			showEnvVarsInLog = 0;
		};
		C9E4B1984993FCE6E910E107 /* [CP] Copy Pods Resources */ = {
			isa = PBXShellScriptBuildPhase;
			buildActionMask = 2147483647;
			files = (
			);
			inputPaths = (
			);
			name = "[CP] Copy Pods Resources";
			outputPaths = (
			);
			runOnlyForDeploymentPostprocessing = 0;
			shellPath = /bin/sh;
			shellScript = "\"${SRCROOT}/Pods/Target Support Files/Pods-Snapchat/Pods-Snapchat-resources.sh\"\n";
			showEnvVarsInLog = 0;
		};
/* End PBXShellScriptBuildPhase section */

/* Begin PBXSourcesBuildPhase section */
		F3C45A5D1F015BB900DDF13D /* Sources */ = {
			isa = PBXSourcesBuildPhase;
			buildActionMask = 2147483647;
			files = (
				F3C45A671F015BBA00DDF13D /* SignInViewController.swift in Sources */,
				F3C45A7B1F01D8E800DDF13D /* PictureViewController.swift in Sources */,
				F3C45A7F1F03269100DDF13D /* User.swift in Sources */,
				F3C45A851F0403D300DDF13D /* ViewSnapViewController.swift in Sources */,
				F3C45A7D1F02B2C500DDF13D /* SelectUserViewController.swift in Sources */,
				F3C45A831F04003500DDF13D /* Snap.swift in Sources */,
				F3C45A651F015BBA00DDF13D /* AppDelegate.swift in Sources */,
				F3C45A791F01D4D000DDF13D /* SnapsViewController.swift in Sources */,
			);
			runOnlyForDeploymentPostprocessing = 0;
		};
/* End PBXSourcesBuildPhase section */

/* Begin PBXVariantGroup section */
		F3C45A681F015BBA00DDF13D /* Main.storyboard */ = {
			isa = PBXVariantGroup;
			children = (
				F3C45A691F015BBA00DDF13D /* Base */,
			);
			name = Main.storyboard;
			sourceTree = "<group>";
		};
		F3C45A6D1F015BBA00DDF13D /* LaunchScreen.storyboard */ = {
			isa = PBXVariantGroup;
			children = (
				F3C45A6E1F015BBA00DDF13D /* Base */,
			);
			name = LaunchScreen.storyboard;
			sourceTree = "<group>";
		};
/* End PBXVariantGroup section */

/* Begin XCBuildConfiguration section */
		F3C45A711F015BBA00DDF13D /* Debug */ = {
			isa = XCBuildConfiguration;
			buildSettings = {
				ALWAYS_SEARCH_USER_PATHS = NO;
				CLANG_ANALYZER_NONNULL = YES;
				CLANG_CXX_LANGUAGE_STANDARD = "gnu++0x";
				CLANG_CXX_LIBRARY = "libc++";
				CLANG_ENABLE_MODULES = YES;
				CLANG_ENABLE_OBJC_ARC = YES;
				CLANG_WARN_BOOL_CONVERSION = YES;
				CLANG_WARN_CONSTANT_CONVERSION = YES;
				CLANG_WARN_DIRECT_OBJC_ISA_USAGE = YES_ERROR;
				CLANG_WARN_DOCUMENTATION_COMMENTS = YES;
				CLANG_WARN_EMPTY_BODY = YES;
				CLANG_WARN_ENUM_CONVERSION = YES;
				CLANG_WARN_INFINITE_RECURSION = YES;
				CLANG_WARN_INT_CONVERSION = YES;
				CLANG_WARN_OBJC_ROOT_CLASS = YES_ERROR;
				CLANG_WARN_SUSPICIOUS_MOVE = YES;
				CLANG_WARN_UNREACHABLE_CODE = YES;
				CLANG_WARN__DUPLICATE_METHOD_MATCH = YES;
				"CODE_SIGN_IDENTITY[sdk=iphoneos*]" = "iPhone Developer";
				COPY_PHASE_STRIP = NO;
				DEBUG_INFORMATION_FORMAT = dwarf;
				ENABLE_STRICT_OBJC_MSGSEND = YES;
				ENABLE_TESTABILITY = YES;
				GCC_C_LANGUAGE_STANDARD = gnu99;
				GCC_DYNAMIC_NO_PIC = NO;
				GCC_NO_COMMON_BLOCKS = YES;
				GCC_OPTIMIZATION_LEVEL = 0;
				GCC_PREPROCESSOR_DEFINITIONS = (
					"DEBUG=1",
					"$(inherited)",
				);
				GCC_WARN_64_TO_32_BIT_CONVERSION = YES;
				GCC_WARN_ABOUT_RETURN_TYPE = YES_ERROR;
				GCC_WARN_UNDECLARED_SELECTOR = YES;
				GCC_WARN_UNINITIALIZED_AUTOS = YES_AGGRESSIVE;
				GCC_WARN_UNUSED_FUNCTION = YES;
				GCC_WARN_UNUSED_VARIABLE = YES;
				IPHONEOS_DEPLOYMENT_TARGET = 10.2;
				MTL_ENABLE_DEBUG_INFO = YES;
				ONLY_ACTIVE_ARCH = YES;
				SDKROOT = iphoneos;
				SWIFT_ACTIVE_COMPILATION_CONDITIONS = DEBUG;
				SWIFT_OPTIMIZATION_LEVEL = "-Onone";
				TARGETED_DEVICE_FAMILY = "1,2";
			};
			name = Debug;
		};
		F3C45A721F015BBA00DDF13D /* Release */ = {
			isa = XCBuildConfiguration;
			buildSettings = {
				ALWAYS_SEARCH_USER_PATHS = NO;
				CLANG_ANALYZER_NONNULL = YES;
				CLANG_CXX_LANGUAGE_STANDARD = "gnu++0x";
				CLANG_CXX_LIBRARY = "libc++";
				CLANG_ENABLE_MODULES = YES;
				CLANG_ENABLE_OBJC_ARC = YES;
				CLANG_WARN_BOOL_CONVERSION = YES;
				CLANG_WARN_CONSTANT_CONVERSION = YES;
				CLANG_WARN_DIRECT_OBJC_ISA_USAGE = YES_ERROR;
				CLANG_WARN_DOCUMENTATION_COMMENTS = YES;
				CLANG_WARN_EMPTY_BODY = YES;
				CLANG_WARN_ENUM_CONVERSION = YES;
				CLANG_WARN_INFINITE_RECURSION = YES;
				CLANG_WARN_INT_CONVERSION = YES;
				CLANG_WARN_OBJC_ROOT_CLASS = YES_ERROR;
				CLANG_WARN_SUSPICIOUS_MOVE = YES;
				CLANG_WARN_UNREACHABLE_CODE = YES;
				CLANG_WARN__DUPLICATE_METHOD_MATCH = YES;
				"CODE_SIGN_IDENTITY[sdk=iphoneos*]" = "iPhone Developer";
				COPY_PHASE_STRIP = NO;
				DEBUG_INFORMATION_FORMAT = "dwarf-with-dsym";
				ENABLE_NS_ASSERTIONS = NO;
				ENABLE_STRICT_OBJC_MSGSEND = YES;
				GCC_C_LANGUAGE_STANDARD = gnu99;
				GCC_NO_COMMON_BLOCKS = YES;
				GCC_WARN_64_TO_32_BIT_CONVERSION = YES;
				GCC_WARN_ABOUT_RETURN_TYPE = YES_ERROR;
				GCC_WARN_UNDECLARED_SELECTOR = YES;
				GCC_WARN_UNINITIALIZED_AUTOS = YES_AGGRESSIVE;
				GCC_WARN_UNUSED_FUNCTION = YES;
				GCC_WARN_UNUSED_VARIABLE = YES;
				IPHONEOS_DEPLOYMENT_TARGET = 10.2;
				MTL_ENABLE_DEBUG_INFO = NO;
				SDKROOT = iphoneos;
				SWIFT_OPTIMIZATION_LEVEL = "-Owholemodule";
				TARGETED_DEVICE_FAMILY = "1,2";
				VALIDATE_PRODUCT = YES;
			};
			name = Release;
		};
		F3C45A741F015BBA00DDF13D /* Debug */ = {
			isa = XCBuildConfiguration;
			baseConfigurationReference = A672978BDC0C15D5EEFC8620 /* Pods-Snapchat.debug.xcconfig */;
			buildSettings = {
				ASSETCATALOG_COMPILER_APPICON_NAME = AppIcon;
				DEVELOPMENT_TEAM = 3BP2VFF2LW;
				INFOPLIST_FILE = Snapchat/Info.plist;
				LD_RUNPATH_SEARCH_PATHS = "$(inherited) @executable_path/Frameworks";
				PRODUCT_BUNDLE_IDENTIFIER = tredding.Snapchat;
				PRODUCT_NAME = "$(TARGET_NAME)";
				SWIFT_VERSION = 3.0;
			};
			name = Debug;
		};
		F3C45A751F015BBA00DDF13D /* Release */ = {
			isa = XCBuildConfiguration;
			baseConfigurationReference = 9C8A2F1A473046DE7055B899 /* Pods-Snapchat.release.xcconfig */;
			buildSettings = {
				ASSETCATALOG_COMPILER_APPICON_NAME = AppIcon;
				DEVELOPMENT_TEAM = 3BP2VFF2LW;
				INFOPLIST_FILE = Snapchat/Info.plist;
				LD_RUNPATH_SEARCH_PATHS = "$(inherited) @executable_path/Frameworks";
				PRODUCT_BUNDLE_IDENTIFIER = tredding.Snapchat;
				PRODUCT_NAME = "$(TARGET_NAME)";
				SWIFT_VERSION = 3.0;
			};
			name = Release;
		};
/* End XCBuildConfiguration section */

/* Begin XCConfigurationList section */
		F3C45A5C1F015BB900DDF13D /* Build configuration list for PBXProject "Snapchat" */ = {
			isa = XCConfigurationList;
			buildConfigurations = (
				F3C45A711F015BBA00DDF13D /* Debug */,
				F3C45A721F015BBA00DDF13D /* Release */,
			);
			defaultConfigurationIsVisible = 0;
			defaultConfigurationName = Release;
		};
		F3C45A731F015BBA00DDF13D /* Build configuration list for PBXNativeTarget "Snapchat" */ = {
			isa = XCConfigurationList;
			buildConfigurations = (
				F3C45A741F015BBA00DDF13D /* Debug */,
				F3C45A751F015BBA00DDF13D /* Release */,
			);
			defaultConfigurationIsVisible = 0;
			defaultConfigurationName = Release;
		};
/* End XCConfigurationList section */
	};
	rootObject = F3C45A591F015BB900DDF13D /* Project object */;
}
